
Microsoft Visual Studio Solution File, Format Version 12.00
# Visual Studio 15
VisualStudioVersion = 15.0.28010.2046
MinimumVisualStudioVersion = 10.0.40219.1
Project("{FAE04EC0-301F-11D3-BF4B-00C04F79EFBC}") = "VariableInjection", "VariableInjection\VariableInjection.csproj", "{82C80C58-489E-435A-88D3-A045BE2BC9CB}"
EndProject
Project("{FAE04EC0-301F-11D3-BF4B-00C04F79EFBC}") = "VariableInjection.Demo", "VariableInjection.Demo\VariableInjection.Demo.csproj", "{9B936821-FE06-45B6-B196-2A6AF51DFC67}"
EndProject
Project("{FAE04EC0-301F-11D3-BF4B-00C04F79EFBC}") = "VariableInjection.Benchmarks", "VariableInjection.Benchmarks\VariableInjection.Benchmarks.csproj", "{56277C28-5EF3-4977-BA8A-BCF9D8AF3620}"
EndProject
Project("{FAE04EC0-301F-11D3-BF4B-00C04F79EFBC}") = "VariableInjection.Tests", "VariableInjection.Tests\VariableInjection.Tests.csproj", "{D0DC3A81-9CFB-4151-B4D5-3960D3BE903F}"
EndProject
Global
	GlobalSection(SolutionConfigurationPlatforms) = preSolution
		Debug|Any CPU = Debug|Any CPU
		Release|Any CPU = Release|Any CPU
	EndGlobalSection
	GlobalSection(ProjectConfigurationPlatforms) = postSolution
		{82C80C58-489E-435A-88D3-A045BE2BC9CB}.Debug|Any CPU.ActiveCfg = Debug|Any CPU
		{82C80C58-489E-435A-88D3-A045BE2BC9CB}.Debug|Any CPU.Build.0 = Debug|Any CPU
		{82C80C58-489E-435A-88D3-A045BE2BC9CB}.Release|Any CPU.ActiveCfg = Release|Any CPU
		{82C80C58-489E-435A-88D3-A045BE2BC9CB}.Release|Any CPU.Build.0 = Release|Any CPU
		{9B936821-FE06-45B6-B196-2A6AF51DFC67}.Debug|Any CPU.ActiveCfg = Debug|Any CPU
		{9B936821-FE06-45B6-B196-2A6AF51DFC67}.Debug|Any CPU.Build.0 = Debug|Any CPU
		{9B936821-FE06-45B6-B196-2A6AF51DFC67}.Release|Any CPU.ActiveCfg = Release|Any CPU
		{9B936821-FE06-45B6-B196-2A6AF51DFC67}.Release|Any CPU.Build.0 = Release|Any CPU
		{56277C28-5EF3-4977-BA8A-BCF9D8AF3620}.Debug|Any CPU.ActiveCfg = Debug|Any CPU
		{56277C28-5EF3-4977-BA8A-BCF9D8AF3620}.Debug|Any CPU.Build.0 = Debug|Any CPU
		{56277C28-5EF3-4977-BA8A-BCF9D8AF3620}.Release|Any CPU.ActiveCfg = Release|Any CPU
		{56277C28-5EF3-4977-BA8A-BCF9D8AF3620}.Release|Any CPU.Build.0 = Release|Any CPU
		{D0DC3A81-9CFB-4151-B4D5-3960D3BE903F}.Debug|Any CPU.ActiveCfg = Debug|Any CPU
		{D0DC3A81-9CFB-4151-B4D5-3960D3BE903F}.Debug|Any CPU.Build.0 = Debug|Any CPU
		{D0DC3A81-9CFB-4151-B4D5-3960D3BE903F}.Release|Any CPU.ActiveCfg = Release|Any CPU
		{D0DC3A81-9CFB-4151-B4D5-3960D3BE903F}.Release|Any CPU.Build.0 = Release|Any CPU
	EndGlobalSection
	GlobalSection(SolutionProperties) = preSolution
		HideSolutionNode = FALSE
	EndGlobalSection
	GlobalSection(ExtensibilityGlobals) = postSolution
		SolutionGuid = {7E976651-E8F7-4945-92E1-BCAC9EF46B37}
	EndGlobalSection
EndGlobal
